
Microsoft Visual Studio Solution File, Format Version 12.00
# Visual Studio Version 16
VisualStudioVersion = 16.0.28803.916
MinimumVisualStudioVersion = 10.0.40219.1
Project("{FAE04EC0-301F-11D3-BF4B-00C04F79EFBC}") = "PClasses", "PClasses\PClasses.csproj", "{CBB29D32-AEEB-41A5-B41F-DBBF87587396}"
EndProject
Global
	GlobalSection(SolutionConfigurationPlatforms) = preSolution
		Debug|Any CPU = Debug|Any CPU
		Release|Any CPU = Release|Any CPU
	EndGlobalSection
	GlobalSection(ProjectConfigurationPlatforms) = postSolution
		{CBB29D32-AEEB-41A5-B41F-DBBF87587396}.Debug|Any CPU.ActiveCfg = Debug|Any CPU
		{CBB29D32-AEEB-41A5-B41F-DBBF87587396}.Debug|Any CPU.Build.0 = Debug|Any CPU
		{CBB29D32-AEEB-41A5-B41F-DBBF87587396}.Release|Any CPU.ActiveCfg = Release|Any CPU
		{CBB29D32-AEEB-41A5-B41F-DBBF87587396}.Release|Any CPU.Build.0 = Release|Any CPU
	EndGlobalSection
	GlobalSection(SolutionProperties) = preSolution
		HideSolutionNode = FALSE
	EndGlobalSection
	GlobalSection(ExtensibilityGlobals) = postSolution
		SolutionGuid = {5E4443C5-9CDB-49C0-8DEB-5E7AB4D93791}
	EndGlobalSection
EndGlobal
